
Microsoft Visual Studio Solution File, Format Version 12.00
# Visual Studio 14
VisualStudioVersion = 14.0.23107.0
MinimumVisualStudioVersion = 10.0.40219.1
Project("{FAE04EC0-301F-11D3-BF4B-00C04F79EFBC}") = "AzureBlobCache.Helpers", "AzureBlobCache.Helpers\AzureBlobCache.Helpers.csproj", "{D6FC9CA9-6627-4188-A171-7E2D7FD85066}"
EndProject
Project("{FAE04EC0-301F-11D3-BF4B-00C04F79EFBC}") = "TestSite", "TestSite\TestSite.csproj", "{329BB2E3-0BB3-430E-AE02-CE8CB1262886}"
EndProject
Global
	GlobalSection(SolutionConfigurationPlatforms) = preSolution
		Debug|Any CPU = Debug|Any CPU
		Release|Any CPU = Release|Any CPU
	EndGlobalSection
	GlobalSection(ProjectConfigurationPlatforms) = postSolution
		{D6FC9CA9-6627-4188-A171-7E2D7FD85066}.Debug|Any CPU.ActiveCfg = Debug|Any CPU
		{D6FC9CA9-6627-4188-A171-7E2D7FD85066}.Debug|Any CPU.Build.0 = Debug|Any CPU
		{D6FC9CA9-6627-4188-A171-7E2D7FD85066}.Release|Any CPU.ActiveCfg = Release|Any CPU
		{D6FC9CA9-6627-4188-A171-7E2D7FD85066}.Release|Any CPU.Build.0 = Release|Any CPU
		{329BB2E3-0BB3-430E-AE02-CE8CB1262886}.Debug|Any CPU.ActiveCfg = Debug|Any CPU
		{329BB2E3-0BB3-430E-AE02-CE8CB1262886}.Debug|Any CPU.Build.0 = Debug|Any CPU
		{329BB2E3-0BB3-430E-AE02-CE8CB1262886}.Release|Any CPU.ActiveCfg = Release|Any CPU
		{329BB2E3-0BB3-430E-AE02-CE8CB1262886}.Release|Any CPU.Build.0 = Release|Any CPU
	EndGlobalSection
	GlobalSection(SolutionProperties) = preSolution
		HideSolutionNode = FALSE
	EndGlobalSection
EndGlobal
